
Microsoft Visual Studio Solution File, Format Version 12.00
# Visual Studio 15
VisualStudioVersion = 15.0.26430.12
MinimumVisualStudioVersion = 10.0.40219.1
Project("{FAE04EC0-301F-11D3-BF4B-00C04F79EFBC}") = "Lx.Common.Features", "Lx.Common.Features\Lx.Common.Features.csproj", "{E7BBDEE7-CE80-44F0-96F6-5ADB611F78E4}"
	ProjectSection(ProjectDependencies) = postProject
		{89E61608-0550-4A36-BD06-E1DD60879D0E} = {89E61608-0550-4A36-BD06-E1DD60879D0E}
		{53E94E9F-230C-4995-B11A-FD0802A505BA} = {53E94E9F-230C-4995-B11A-FD0802A505BA}
	EndProjectSection
EndProject
Project("{FAE04EC0-301F-11D3-BF4B-00C04F79EFBC}") = "Lx.Common.Implement", "Lx.Common.Implement\Lx.Common.Implement.csproj", "{F9320D04-C951-4BD7-8416-54049553E7BA}"
	ProjectSection(ProjectDependencies) = postProject
		{89E61608-0550-4A36-BD06-E1DD60879D0E} = {89E61608-0550-4A36-BD06-E1DD60879D0E}
	EndProjectSection
EndProject
Project("{FAE04EC0-301F-11D3-BF4B-00C04F79EFBC}") = "Lx.Common.Interface", "Lx.Common.Interface\Lx.Common.Interface.csproj", "{53E94E9F-230C-4995-B11A-FD0802A505BA}"
EndProject
Project("{FAE04EC0-301F-11D3-BF4B-00C04F79EFBC}") = "Lx.Common.Models", "Lx.Common.Models\Lx.Common.Models.csproj", "{89E61608-0550-4A36-BD06-E1DD60879D0E}"
	ProjectSection(ProjectDependencies) = postProject
		{53E94E9F-230C-4995-B11A-FD0802A505BA} = {53E94E9F-230C-4995-B11A-FD0802A505BA}
	EndProjectSection
EndProject
Project("{FAE04EC0-301F-11D3-BF4B-00C04F79EFBC}") = "Lx.Service.Common", "Lx.Service.Common\Lx.Service.Common.csproj", "{4A9E76AD-CE88-489F-9612-E9DAB3533692}"
	ProjectSection(ProjectDependencies) = postProject
		{F9320D04-C951-4BD7-8416-54049553E7BA} = {F9320D04-C951-4BD7-8416-54049553E7BA}
		{89E61608-0550-4A36-BD06-E1DD60879D0E} = {89E61608-0550-4A36-BD06-E1DD60879D0E}
		{53E94E9F-230C-4995-B11A-FD0802A505BA} = {53E94E9F-230C-4995-B11A-FD0802A505BA}
		{E7BBDEE7-CE80-44F0-96F6-5ADB611F78E4} = {E7BBDEE7-CE80-44F0-96F6-5ADB611F78E4}
	EndProjectSection
EndProject
Project("{FAE04EC0-301F-11D3-BF4B-00C04F79EFBC}") = "Lx.Service.LogHost", "Lx.Service.LogHost\Lx.Service.LogHost.csproj", "{07014423-6287-4012-A750-31E14485E026}"
	ProjectSection(ProjectDependencies) = postProject
		{F9320D04-C951-4BD7-8416-54049553E7BA} = {F9320D04-C951-4BD7-8416-54049553E7BA}
		{89E61608-0550-4A36-BD06-E1DD60879D0E} = {89E61608-0550-4A36-BD06-E1DD60879D0E}
		{53E94E9F-230C-4995-B11A-FD0802A505BA} = {53E94E9F-230C-4995-B11A-FD0802A505BA}
		{4A9E76AD-CE88-489F-9612-E9DAB3533692} = {4A9E76AD-CE88-489F-9612-E9DAB3533692}
		{E7BBDEE7-CE80-44F0-96F6-5ADB611F78E4} = {E7BBDEE7-CE80-44F0-96F6-5ADB611F78E4}
	EndProjectSection
EndProject
Project("{FAE04EC0-301F-11D3-BF4B-00C04F79EFBC}") = "Lx.Service.Order", "Lx.Service.Order\Lx.Service.Order.csproj", "{2750C7CB-9F96-4001-A3C9-C6AF8FA5B72D}"
	ProjectSection(ProjectDependencies) = postProject
		{F9320D04-C951-4BD7-8416-54049553E7BA} = {F9320D04-C951-4BD7-8416-54049553E7BA}
		{53E94E9F-230C-4995-B11A-FD0802A505BA} = {53E94E9F-230C-4995-B11A-FD0802A505BA}
		{4A9E76AD-CE88-489F-9612-E9DAB3533692} = {4A9E76AD-CE88-489F-9612-E9DAB3533692}
	EndProjectSection
EndProject
Project("{FAE04EC0-301F-11D3-BF4B-00C04F79EFBC}") = "Lx.Service.UnitTests", "Lx.Service.UnitTests\Lx.Service.UnitTests.csproj", "{1F6C1699-727B-44FD-A615-ADDA0B5D1027}"
	ProjectSection(ProjectDependencies) = postProject
		{F9320D04-C951-4BD7-8416-54049553E7BA} = {F9320D04-C951-4BD7-8416-54049553E7BA}
		{53E94E9F-230C-4995-B11A-FD0802A505BA} = {53E94E9F-230C-4995-B11A-FD0802A505BA}
		{E7BBDEE7-CE80-44F0-96F6-5ADB611F78E4} = {E7BBDEE7-CE80-44F0-96F6-5ADB611F78E4}
	EndProjectSection
EndProject
Project("{FAE04EC0-301F-11D3-BF4B-00C04F79EFBC}") = "Lx.Service.WcfClient", "Lx.Service.WcfClient\Lx.Service.WcfClient.csproj", "{DFDD8EFF-39D6-4EFC-8E56-96A72BBFE815}"
	ProjectSection(ProjectDependencies) = postProject
		{89E61608-0550-4A36-BD06-E1DD60879D0E} = {89E61608-0550-4A36-BD06-E1DD60879D0E}
		{E7BBDEE7-CE80-44F0-96F6-5ADB611F78E4} = {E7BBDEE7-CE80-44F0-96F6-5ADB611F78E4}
	EndProjectSection
EndProject
Project("{FAE04EC0-301F-11D3-BF4B-00C04F79EFBC}") = "Lx.Service.WcfContract", "Lx.Service.WcfContract\Lx.Service.WcfContract.csproj", "{D53C0DAA-DC09-4AE2-B6ED-1852B2F62942}"
EndProject
Project("{FAE04EC0-301F-11D3-BF4B-00C04F79EFBC}") = "Lx.Service.WcfHelper", "Lx.Service.WcfHelper\Lx.Service.WcfHelper.csproj", "{9E8B3C94-D1B7-4534-B1FD-BC969EC03384}"
	ProjectSection(ProjectDependencies) = postProject
		{F9320D04-C951-4BD7-8416-54049553E7BA} = {F9320D04-C951-4BD7-8416-54049553E7BA}
		{53E94E9F-230C-4995-B11A-FD0802A505BA} = {53E94E9F-230C-4995-B11A-FD0802A505BA}
		{4A9E76AD-CE88-489F-9612-E9DAB3533692} = {4A9E76AD-CE88-489F-9612-E9DAB3533692}
		{E7BBDEE7-CE80-44F0-96F6-5ADB611F78E4} = {E7BBDEE7-CE80-44F0-96F6-5ADB611F78E4}
	EndProjectSection
EndProject
Project("{FAE04EC0-301F-11D3-BF4B-00C04F79EFBC}") = "Lx.Service.WcfService", "Lx.Service.WcfService\Lx.Service.WcfService.csproj", "{FB077E59-B77E-4AC8-9C71-D05BDF37B5E2}"
EndProject
Project("{FAE04EC0-301F-11D3-BF4B-00C04F79EFBC}") = "Lx.Service.WinServiceHost", "Lx.Service.WinServiceHost\Lx.Service.WinServiceHost.csproj", "{6D3ED8AC-CBD2-4E07-AEAC-AD6F6D614072}"
	ProjectSection(ProjectDependencies) = postProject
		{F9320D04-C951-4BD7-8416-54049553E7BA} = {F9320D04-C951-4BD7-8416-54049553E7BA}
		{FB077E59-B77E-4AC8-9C71-D05BDF37B5E2} = {FB077E59-B77E-4AC8-9C71-D05BDF37B5E2}
		{53E94E9F-230C-4995-B11A-FD0802A505BA} = {53E94E9F-230C-4995-B11A-FD0802A505BA}
		{D53C0DAA-DC09-4AE2-B6ED-1852B2F62942} = {D53C0DAA-DC09-4AE2-B6ED-1852B2F62942}
	EndProjectSection
EndProject
Global
	GlobalSection(SolutionConfigurationPlatforms) = preSolution
		Debug|Any CPU = Debug|Any CPU
		Release|Any CPU = Release|Any CPU
	EndGlobalSection
	GlobalSection(ProjectConfigurationPlatforms) = postSolution
		{E7BBDEE7-CE80-44F0-96F6-5ADB611F78E4}.Debug|Any CPU.ActiveCfg = Debug|Any CPU
		{E7BBDEE7-CE80-44F0-96F6-5ADB611F78E4}.Debug|Any CPU.Build.0 = Debug|Any CPU
		{E7BBDEE7-CE80-44F0-96F6-5ADB611F78E4}.Release|Any CPU.ActiveCfg = Release|Any CPU
		{E7BBDEE7-CE80-44F0-96F6-5ADB611F78E4}.Release|Any CPU.Build.0 = Release|Any CPU
		{F9320D04-C951-4BD7-8416-54049553E7BA}.Debug|Any CPU.ActiveCfg = Debug|Any CPU
		{F9320D04-C951-4BD7-8416-54049553E7BA}.Debug|Any CPU.Build.0 = Debug|Any CPU
		{F9320D04-C951-4BD7-8416-54049553E7BA}.Release|Any CPU.ActiveCfg = Release|Any CPU
		{F9320D04-C951-4BD7-8416-54049553E7BA}.Release|Any CPU.Build.0 = Release|Any CPU
		{53E94E9F-230C-4995-B11A-FD0802A505BA}.Debug|Any CPU.ActiveCfg = Debug|Any CPU
		{53E94E9F-230C-4995-B11A-FD0802A505BA}.Debug|Any CPU.Build.0 = Debug|Any CPU
		{53E94E9F-230C-4995-B11A-FD0802A505BA}.Release|Any CPU.ActiveCfg = Release|Any CPU
		{53E94E9F-230C-4995-B11A-FD0802A505BA}.Release|Any CPU.Build.0 = Release|Any CPU
		{89E61608-0550-4A36-BD06-E1DD60879D0E}.Debug|Any CPU.ActiveCfg = Debug|Any CPU
		{89E61608-0550-4A36-BD06-E1DD60879D0E}.Debug|Any CPU.Build.0 = Debug|Any CPU
		{89E61608-0550-4A36-BD06-E1DD60879D0E}.Release|Any CPU.ActiveCfg = Release|Any CPU
		{89E61608-0550-4A36-BD06-E1DD60879D0E}.Release|Any CPU.Build.0 = Release|Any CPU
		{4A9E76AD-CE88-489F-9612-E9DAB3533692}.Debug|Any CPU.ActiveCfg = Debug|Any CPU
		{4A9E76AD-CE88-489F-9612-E9DAB3533692}.Debug|Any CPU.Build.0 = Debug|Any CPU
		{4A9E76AD-CE88-489F-9612-E9DAB3533692}.Release|Any CPU.ActiveCfg = Release|Any CPU
		{4A9E76AD-CE88-489F-9612-E9DAB3533692}.Release|Any CPU.Build.0 = Release|Any CPU
		{07014423-6287-4012-A750-31E14485E026}.Debug|Any CPU.ActiveCfg = Debug|Any CPU
		{07014423-6287-4012-A750-31E14485E026}.Debug|Any CPU.Build.0 = Debug|Any CPU
		{07014423-6287-4012-A750-31E14485E026}.Release|Any CPU.ActiveCfg = Release|Any CPU
		{07014423-6287-4012-A750-31E14485E026}.Release|Any CPU.Build.0 = Release|Any CPU
		{2750C7CB-9F96-4001-A3C9-C6AF8FA5B72D}.Debug|Any CPU.ActiveCfg = Debug|Any CPU
		{2750C7CB-9F96-4001-A3C9-C6AF8FA5B72D}.Debug|Any CPU.Build.0 = Debug|Any CPU
		{2750C7CB-9F96-4001-A3C9-C6AF8FA5B72D}.Release|Any CPU.ActiveCfg = Release|Any CPU
		{2750C7CB-9F96-4001-A3C9-C6AF8FA5B72D}.Release|Any CPU.Build.0 = Release|Any CPU
		{1F6C1699-727B-44FD-A615-ADDA0B5D1027}.Debug|Any CPU.ActiveCfg = Debug|Any CPU
		{1F6C1699-727B-44FD-A615-ADDA0B5D1027}.Debug|Any CPU.Build.0 = Debug|Any CPU
		{1F6C1699-727B-44FD-A615-ADDA0B5D1027}.Release|Any CPU.ActiveCfg = Release|Any CPU
		{1F6C1699-727B-44FD-A615-ADDA0B5D1027}.Release|Any CPU.Build.0 = Release|Any CPU
		{DFDD8EFF-39D6-4EFC-8E56-96A72BBFE815}.Debug|Any CPU.ActiveCfg = Debug|Any CPU
		{DFDD8EFF-39D6-4EFC-8E56-96A72BBFE815}.Debug|Any CPU.Build.0 = Debug|Any CPU
		{DFDD8EFF-39D6-4EFC-8E56-96A72BBFE815}.Release|Any CPU.ActiveCfg = Release|Any CPU
		{DFDD8EFF-39D6-4EFC-8E56-96A72BBFE815}.Release|Any CPU.Build.0 = Release|Any CPU
		{D53C0DAA-DC09-4AE2-B6ED-1852B2F62942}.Debug|Any CPU.ActiveCfg = Debug|Any CPU
		{D53C0DAA-DC09-4AE2-B6ED-1852B2F62942}.Debug|Any CPU.Build.0 = Debug|Any CPU
		{D53C0DAA-DC09-4AE2-B6ED-1852B2F62942}.Release|Any CPU.ActiveCfg = Release|Any CPU
		{D53C0DAA-DC09-4AE2-B6ED-1852B2F62942}.Release|Any CPU.Build.0 = Release|Any CPU
		{9E8B3C94-D1B7-4534-B1FD-BC969EC03384}.Debug|Any CPU.ActiveCfg = Debug|Any CPU
		{9E8B3C94-D1B7-4534-B1FD-BC969EC03384}.Debug|Any CPU.Build.0 = Debug|Any CPU
		{9E8B3C94-D1B7-4534-B1FD-BC969EC03384}.Release|Any CPU.ActiveCfg = Release|Any CPU
		{9E8B3C94-D1B7-4534-B1FD-BC969EC03384}.Release|Any CPU.Build.0 = Release|Any CPU
		{FB077E59-B77E-4AC8-9C71-D05BDF37B5E2}.Debug|Any CPU.ActiveCfg = Debug|Any CPU
		{FB077E59-B77E-4AC8-9C71-D05BDF37B5E2}.Debug|Any CPU.Build.0 = Debug|Any CPU
		{FB077E59-B77E-4AC8-9C71-D05BDF37B5E2}.Release|Any CPU.ActiveCfg = Release|Any CPU
		{FB077E59-B77E-4AC8-9C71-D05BDF37B5E2}.Release|Any CPU.Build.0 = Release|Any CPU
		{6D3ED8AC-CBD2-4E07-AEAC-AD6F6D614072}.Debug|Any CPU.ActiveCfg = Debug|Any CPU
		{6D3ED8AC-CBD2-4E07-AEAC-AD6F6D614072}.Debug|Any CPU.Build.0 = Debug|Any CPU
		{6D3ED8AC-CBD2-4E07-AEAC-AD6F6D614072}.Release|Any CPU.ActiveCfg = Release|Any CPU
		{6D3ED8AC-CBD2-4E07-AEAC-AD6F6D614072}.Release|Any CPU.Build.0 = Release|Any CPU
	EndGlobalSection
	GlobalSection(SolutionProperties) = preSolution
		HideSolutionNode = FALSE
	EndGlobalSection
EndGlobal
